PODS:
  - CTFeedback (1.1.1)
  - FMDB (2.6.2):
    - FMDB/standard (= 2.6.2)
  - FMDB/standard (2.6.2)
  - LKDBHelper (2.3.5):
    - FMDB
  - MMMaterialDesignSpinner (0.2.3)
  - UMengFeedback (2.3.4)
  - ZXingObjC (3.1.0):
    - ZXingObjC/All (= 3.1.0)
  - ZXingObjC/All (3.1.0)

DEPENDENCIES:
  - CTFeedback (~> 1.1.1)
  - LKDBHelper (~> 2.3.5)
  - MMMaterialDesignSpinner (~> 0.2.3)
  - UMengFeedback (~> 2.3.4)
  - ZXingObjC (~> 3.1.0)

SPEC CHECKSUMS:
  CTFeedback: 6f128606e0d26d46075c3fa9fc33884372df8675
  FMDB: 854a0341b4726e53276f2a8996f06f1b80f9259a
  LKDBHelper: 23e114721d862fcf1d2f0b59bfddf60899562010
  MMMaterialDesignSpinner: 55c80b454f7928d0ed789cc3c456fa06bd6a2f16
  UMengFeedback: 5283cc0e324dffca4dd54c4abb3cbded56487817
  ZXingObjC: bf15b3814f7a105b6d99f47da2333c93a063650a

PODFILE CHECKSUM: 639788357e0337c6b2819ba59a785aa93f3dae51

COCOAPODS: 1.1.0.beta.2
